
Microsoft Visual Studio Solution File, Format Version 12.00
# Visual Studio Express 15 for Windows Desktop
VisualStudioVersion = 15.0.33026.149
MinimumVisualStudioVersion = 10.0.40219.1
Project("{FAE04EC0-301F-11D3-BF4B-00C04F79EFBC}") = "BinConverter", "BinConverter\BinConverter.csproj", "{CCFA859B-1796-4E6D-8D73-7FD962726DEA}"
EndProject
Global
	GlobalSection(SolutionConfigurationPlatforms) = preSolution
		Debug|Any CPU = Debug|Any CPU
		Release|Any CPU = Release|Any CPU
	EndGlobalSection
	GlobalSection(ProjectConfigurationPlatforms) = postSolution
		{CCFA859B-1796-4E6D-8D73-7FD962726DEA}.Debug|Any CPU.ActiveCfg = Debug|Any CPU
		{CCFA859B-1796-4E6D-8D73-7FD962726DEA}.Debug|Any CPU.Build.0 = Debug|Any CPU
		{CCFA859B-1796-4E6D-8D73-7FD962726DEA}.Release|Any CPU.ActiveCfg = Release|Any CPU
		{CCFA859B-1796-4E6D-8D73-7FD962726DEA}.Release|Any CPU.Build.0 = Release|Any CPU
	EndGlobalSection
	GlobalSection(SolutionProperties) = preSolution
		HideSolutionNode = FALSE
	EndGlobalSection
	GlobalSection(ExtensibilityGlobals) = postSolution
		SolutionGuid = {E656E0E6-53F0-4510-9D8B-8788865A2924}
	EndGlobalSection
EndGlobal
